
Microsoft Visual Studio Solution File, Format Version 12.00
# Visual Studio 15
VisualStudioVersion = 15.0.28307.421
MinimumVisualStudioVersion = 10.0.40219.1
Project("{2150E333-8FDC-42A3-9474-1A3956D46DE8}") = "01.basicHttpBinding", "01.basicHttpBinding", "{C876AA66-F2B1-4E44-A731-3D8EB4BE917B}"
EndProject
Project("{FAE04EC0-301F-11D3-BF4B-00C04F79EFBC}") = "MyService", "MyService\MyService.csproj", "{E3CD691C-9353-48BE-AC43-446DE35F012F}"
EndProject
Project("{FAE04EC0-301F-11D3-BF4B-00C04F79EFBC}") = "MyClient", "MyClient\MyClient.csproj", "{13785F7E-CC43-4EB1-9EE0-4F55F9275BF9}"
EndProject
Project("{2150E333-8FDC-42A3-9474-1A3956D46DE8}") = "02.NetTcpBinding", "02.NetTcpBinding", "{66A7E325-0C77-4BD8-8097-17E922434A7F}"
EndProject
Project("{FAE04EC0-301F-11D3-BF4B-00C04F79EFBC}") = "MyNetTcpService", "MyNetTcpService\MyNetTcpService.csproj", "{A6E3A1F5-A3DB-4F59-82CD-83761983B8C7}"
EndProject
Project("{FAE04EC0-301F-11D3-BF4B-00C04F79EFBC}") = "MyNetTcpClient", "MyNetTcpClient\MyNetTcpClient.csproj", "{7B45F1E3-32C0-466B-8CA6-99B4555900AE}"
EndProject
Project("{2150E333-8FDC-42A3-9474-1A3956D46DE8}") = "03.NetMSMQBinding", "03.NetMSMQBinding", "{F1094A89-0A66-4AC5-958E-005AA1AD665B}"
EndProject
Project("{FAE04EC0-301F-11D3-BF4B-00C04F79EFBC}") = "MyNetMSMQService", "MyNetMSMQService\MyNetMSMQService.csproj", "{0E52310B-076B-4C30-A517-263EAAD0A325}"
EndProject
Project("{FAE04EC0-301F-11D3-BF4B-00C04F79EFBC}") = "MyNetMSMQClient", "MyNetMSMQClient\MyNetMSMQClient.csproj", "{484B7D42-3279-4551-AAD4-D6639ACC98F0}"
EndProject
Project("{2150E333-8FDC-42A3-9474-1A3956D46DE8}") = "04.AsyncWCF", "04.AsyncWCF", "{98B5A981-F8AC-4592-997A-5D03BA64E27E}"
EndProject
Project("{FAE04EC0-301F-11D3-BF4B-00C04F79EFBC}") = "AsyncWCFClient", "AsyncWCFClient\AsyncWCFClient.csproj", "{21148B4B-FB77-4389-9A5D-93EEEE22D0AF}"
EndProject
Project("{FAE04EC0-301F-11D3-BF4B-00C04F79EFBC}") = "AsyncWCFService", "AsyncWCFService\AsyncWCFService.csproj", "{37AAC6BD-0877-42DC-B5EB-39C87F57B4FE}"
EndProject
Project("{2150E333-8FDC-42A3-9474-1A3956D46DE8}") = "WCFComprehensive", "WCFComprehensive", "{B69C5AB0-64A9-45FE-9A62-3CF4252B0785}"
EndProject
Project("{FAE04EC0-301F-11D3-BF4B-00C04F79EFBC}") = "MyWCFLibrary", "MyWCFLibrary\MyWCFLibrary.csproj", "{B48BC863-679F-4A68-AF78-FF446E5213C7}"
EndProject
Project("{FAE04EC0-301F-11D3-BF4B-00C04F79EFBC}") = "MyWCFConsoleDeploy", "MyWCFConsoleDeploy\MyWCFConsoleDeploy.csproj", "{8A6B791E-34B4-45F7-92E8-4993AEA245B3}"
EndProject
Project("{FAE04EC0-301F-11D3-BF4B-00C04F79EFBC}") = "MyWCFWinClient", "MyWCFWinClient\MyWCFWinClient.csproj", "{70C9F217-85FF-4025-A595-9F10E79B516B}"
EndProject
Project("{FAE04EC0-301F-11D3-BF4B-00C04F79EFBC}") = "MyWCFApplication", "MyWCFApplication\MyWCFApplication.csproj", "{D3FA773E-A85E-4470-9299-C54EFFEA1D56}"
EndProject
Global
	GlobalSection(SolutionConfigurationPlatforms) = preSolution
		Debug|Any CPU = Debug|Any CPU
		Release|Any CPU = Release|Any CPU
	EndGlobalSection
	GlobalSection(ProjectConfigurationPlatforms) = postSolution
		{E3CD691C-9353-48BE-AC43-446DE35F012F}.Debug|Any CPU.ActiveCfg = Debug|Any CPU
		{E3CD691C-9353-48BE-AC43-446DE35F012F}.Debug|Any CPU.Build.0 = Debug|Any CPU
		{E3CD691C-9353-48BE-AC43-446DE35F012F}.Release|Any CPU.ActiveCfg = Release|Any CPU
		{E3CD691C-9353-48BE-AC43-446DE35F012F}.Release|Any CPU.Build.0 = Release|Any CPU
		{13785F7E-CC43-4EB1-9EE0-4F55F9275BF9}.Debug|Any CPU.ActiveCfg = Debug|Any CPU
		{13785F7E-CC43-4EB1-9EE0-4F55F9275BF9}.Debug|Any CPU.Build.0 = Debug|Any CPU
		{13785F7E-CC43-4EB1-9EE0-4F55F9275BF9}.Release|Any CPU.ActiveCfg = Release|Any CPU
		{13785F7E-CC43-4EB1-9EE0-4F55F9275BF9}.Release|Any CPU.Build.0 = Release|Any CPU
		{A6E3A1F5-A3DB-4F59-82CD-83761983B8C7}.Debug|Any CPU.ActiveCfg = Debug|Any CPU
		{A6E3A1F5-A3DB-4F59-82CD-83761983B8C7}.Debug|Any CPU.Build.0 = Debug|Any CPU
		{A6E3A1F5-A3DB-4F59-82CD-83761983B8C7}.Release|Any CPU.ActiveCfg = Release|Any CPU
		{A6E3A1F5-A3DB-4F59-82CD-83761983B8C7}.Release|Any CPU.Build.0 = Release|Any CPU
		{7B45F1E3-32C0-466B-8CA6-99B4555900AE}.Debug|Any CPU.ActiveCfg = Debug|Any CPU
		{7B45F1E3-32C0-466B-8CA6-99B4555900AE}.Debug|Any CPU.Build.0 = Debug|Any CPU
		{7B45F1E3-32C0-466B-8CA6-99B4555900AE}.Release|Any CPU.ActiveCfg = Release|Any CPU
		{7B45F1E3-32C0-466B-8CA6-99B4555900AE}.Release|Any CPU.Build.0 = Release|Any CPU
		{0E52310B-076B-4C30-A517-263EAAD0A325}.Debug|Any CPU.ActiveCfg = Debug|Any CPU
		{0E52310B-076B-4C30-A517-263EAAD0A325}.Debug|Any CPU.Build.0 = Debug|Any CPU
		{0E52310B-076B-4C30-A517-263EAAD0A325}.Release|Any CPU.ActiveCfg = Release|Any CPU
		{0E52310B-076B-4C30-A517-263EAAD0A325}.Release|Any CPU.Build.0 = Release|Any CPU
		{484B7D42-3279-4551-AAD4-D6639ACC98F0}.Debug|Any CPU.ActiveCfg = Debug|Any CPU
		{484B7D42-3279-4551-AAD4-D6639ACC98F0}.Debug|Any CPU.Build.0 = Debug|Any CPU
		{484B7D42-3279-4551-AAD4-D6639ACC98F0}.Release|Any CPU.ActiveCfg = Release|Any CPU
		{484B7D42-3279-4551-AAD4-D6639ACC98F0}.Release|Any CPU.Build.0 = Release|Any CPU
		{21148B4B-FB77-4389-9A5D-93EEEE22D0AF}.Debug|Any CPU.ActiveCfg = Debug|Any CPU
		{21148B4B-FB77-4389-9A5D-93EEEE22D0AF}.Debug|Any CPU.Build.0 = Debug|Any CPU
		{21148B4B-FB77-4389-9A5D-93EEEE22D0AF}.Release|Any CPU.ActiveCfg = Release|Any CPU
		{21148B4B-FB77-4389-9A5D-93EEEE22D0AF}.Release|Any CPU.Build.0 = Release|Any CPU
		{37AAC6BD-0877-42DC-B5EB-39C87F57B4FE}.Debug|Any CPU.ActiveCfg = Debug|Any CPU
		{37AAC6BD-0877-42DC-B5EB-39C87F57B4FE}.Debug|Any CPU.Build.0 = Debug|Any CPU
		{37AAC6BD-0877-42DC-B5EB-39C87F57B4FE}.Release|Any CPU.ActiveCfg = Release|Any CPU
		{37AAC6BD-0877-42DC-B5EB-39C87F57B4FE}.Release|Any CPU.Build.0 = Release|Any CPU
		{B48BC863-679F-4A68-AF78-FF446E5213C7}.Debug|Any CPU.ActiveCfg = Debug|Any CPU
		{B48BC863-679F-4A68-AF78-FF446E5213C7}.Debug|Any CPU.Build.0 = Debug|Any CPU
		{B48BC863-679F-4A68-AF78-FF446E5213C7}.Release|Any CPU.ActiveCfg = Release|Any CPU
		{B48BC863-679F-4A68-AF78-FF446E5213C7}.Release|Any CPU.Build.0 = Release|Any CPU
		{8A6B791E-34B4-45F7-92E8-4993AEA245B3}.Debug|Any CPU.ActiveCfg = Debug|Any CPU
		{8A6B791E-34B4-45F7-92E8-4993AEA245B3}.Debug|Any CPU.Build.0 = Debug|Any CPU
		{8A6B791E-34B4-45F7-92E8-4993AEA245B3}.Release|Any CPU.ActiveCfg = Release|Any CPU
		{8A6B791E-34B4-45F7-92E8-4993AEA245B3}.Release|Any CPU.Build.0 = Release|Any CPU
		{70C9F217-85FF-4025-A595-9F10E79B516B}.Debug|Any CPU.ActiveCfg = Debug|Any CPU
		{70C9F217-85FF-4025-A595-9F10E79B516B}.Debug|Any CPU.Build.0 = Debug|Any CPU
		{70C9F217-85FF-4025-A595-9F10E79B516B}.Release|Any CPU.ActiveCfg = Release|Any CPU
		{70C9F217-85FF-4025-A595-9F10E79B516B}.Release|Any CPU.Build.0 = Release|Any CPU
		{D3FA773E-A85E-4470-9299-C54EFFEA1D56}.Debug|Any CPU.ActiveCfg = Debug|Any CPU
		{D3FA773E-A85E-4470-9299-C54EFFEA1D56}.Debug|Any CPU.Build.0 = Debug|Any CPU
		{D3FA773E-A85E-4470-9299-C54EFFEA1D56}.Release|Any CPU.ActiveCfg = Release|Any CPU
		{D3FA773E-A85E-4470-9299-C54EFFEA1D56}.Release|Any CPU.Build.0 = Release|Any CPU
	EndGlobalSection
	GlobalSection(SolutionProperties) = preSolution
		HideSolutionNode = FALSE
	EndGlobalSection
	GlobalSection(NestedProjects) = preSolution
		{E3CD691C-9353-48BE-AC43-446DE35F012F} = {C876AA66-F2B1-4E44-A731-3D8EB4BE917B}
		{13785F7E-CC43-4EB1-9EE0-4F55F9275BF9} = {C876AA66-F2B1-4E44-A731-3D8EB4BE917B}
		{A6E3A1F5-A3DB-4F59-82CD-83761983B8C7} = {66A7E325-0C77-4BD8-8097-17E922434A7F}
		{7B45F1E3-32C0-466B-8CA6-99B4555900AE} = {66A7E325-0C77-4BD8-8097-17E922434A7F}
		{0E52310B-076B-4C30-A517-263EAAD0A325} = {F1094A89-0A66-4AC5-958E-005AA1AD665B}
		{484B7D42-3279-4551-AAD4-D6639ACC98F0} = {F1094A89-0A66-4AC5-958E-005AA1AD665B}
		{21148B4B-FB77-4389-9A5D-93EEEE22D0AF} = {98B5A981-F8AC-4592-997A-5D03BA64E27E}
		{37AAC6BD-0877-42DC-B5EB-39C87F57B4FE} = {98B5A981-F8AC-4592-997A-5D03BA64E27E}
		{B48BC863-679F-4A68-AF78-FF446E5213C7} = {B69C5AB0-64A9-45FE-9A62-3CF4252B0785}
		{8A6B791E-34B4-45F7-92E8-4993AEA245B3} = {B69C5AB0-64A9-45FE-9A62-3CF4252B0785}
		{70C9F217-85FF-4025-A595-9F10E79B516B} = {B69C5AB0-64A9-45FE-9A62-3CF4252B0785}
		{D3FA773E-A85E-4470-9299-C54EFFEA1D56} = {B69C5AB0-64A9-45FE-9A62-3CF4252B0785}
	EndGlobalSection
	GlobalSection(ExtensibilityGlobals) = postSolution
		SolutionGuid = {1F7F1471-4A57-48BD-B482-489830A9E9C5}
	EndGlobalSection
EndGlobal
